
Microsoft Visual Studio Solution File, Format Version 12.00
# Visual Studio Version 16
VisualStudioVersion = 16.0.29905.134
MinimumVisualStudioVersion = 10.0.40219.1
Project("{9A19103F-16F7-4668-BE54-9A1E7A4F7556}") = "Caerostris", "Caerostris.csproj", "{57DCE696-D955-41E2-8692-F35AF6378246}"
EndProject
Project("{9A19103F-16F7-4668-BE54-9A1E7A4F7556}") = "SpotifyService", "..\SpotifyService\SpotifyService.csproj", "{2B0E552A-0C75-4540-A703-5F75EB86DD96}"
EndProject
Global
	GlobalSection(SolutionConfigurationPlatforms) = preSolution
		Debug|Any CPU = Debug|Any CPU
		Release|Any CPU = Release|Any CPU
	EndGlobalSection
	GlobalSection(ProjectConfigurationPlatforms) = postSolution
		{57DCE696-D955-41E2-8692-F35AF6378246}.Debug|Any CPU.ActiveCfg = Debug|Any CPU
		{57DCE696-D955-41E2-8692-F35AF6378246}.Debug|Any CPU.Build.0 = Debug|Any CPU
		{57DCE696-D955-41E2-8692-F35AF6378246}.Release|Any CPU.ActiveCfg = Release|Any CPU
		{57DCE696-D955-41E2-8692-F35AF6378246}.Release|Any CPU.Build.0 = Release|Any CPU
		{2B0E552A-0C75-4540-A703-5F75EB86DD96}.Debug|Any CPU.ActiveCfg = Debug|Any CPU
		{2B0E552A-0C75-4540-A703-5F75EB86DD96}.Debug|Any CPU.Build.0 = Debug|Any CPU
		{2B0E552A-0C75-4540-A703-5F75EB86DD96}.Release|Any CPU.ActiveCfg = Release|Any CPU
		{2B0E552A-0C75-4540-A703-5F75EB86DD96}.Release|Any CPU.Build.0 = Release|Any CPU
	EndGlobalSection
	GlobalSection(SolutionProperties) = preSolution
		HideSolutionNode = FALSE
	EndGlobalSection
	GlobalSection(ExtensibilityGlobals) = postSolution
		SolutionGuid = {05D5499D-20B6-47BD-8ED6-1D0D4889C9AC}
	EndGlobalSection
EndGlobal
